
Microsoft Visual Studio Solution File, Format Version 12.00
# Visual Studio 15
VisualStudioVersion = 15.0.28307.168
MinimumVisualStudioVersion = 10.0.40219.1
Project("{FAE04EC0-301F-11D3-BF4B-00C04F79EFBC}") = "Whoops EF Database Example", "Whoops EF Database Example\Whoops EF Database Example.csproj", "{F3122A03-5877-4AC7-8069-522DA85DAF32}"
EndProject
Global
	GlobalSection(SolutionConfigurationPlatforms) = preSolution
		Debug|Any CPU = Debug|Any CPU
		Release|Any CPU = Release|Any CPU
	EndGlobalSection
	GlobalSection(ProjectConfigurationPlatforms) = postSolution
		{F3122A03-5877-4AC7-8069-522DA85DAF32}.Debug|Any CPU.ActiveCfg = Debug|Any CPU
		{F3122A03-5877-4AC7-8069-522DA85DAF32}.Debug|Any CPU.Build.0 = Debug|Any CPU
		{F3122A03-5877-4AC7-8069-522DA85DAF32}.Release|Any CPU.ActiveCfg = Release|Any CPU
		{F3122A03-5877-4AC7-8069-522DA85DAF32}.Release|Any CPU.Build.0 = Release|Any CPU
	EndGlobalSection
	GlobalSection(SolutionProperties) = preSolution
		HideSolutionNode = FALSE
	EndGlobalSection
	GlobalSection(ExtensibilityGlobals) = postSolution
		SolutionGuid = {512F679E-8804-4816-9EDF-C4B129ECED66}
	EndGlobalSection
EndGlobal
